
Microsoft Visual Studio Solution File, Format Version 12.00
# Visual Studio Version 16
VisualStudioVersion = 16.0.31205.134
MinimumVisualStudioVersion = 10.0.40219.1
Project("{2150E333-8FDC-42A3-9474-1A3956D46DE8}") = "AreaScanCamera", "AreaScanCamera", "{A07B3D49-8512-4677-868F-B156BF438B52}"
EndProject
Project("{2150E333-8FDC-42A3-9474-1A3956D46DE8}") = "FrameGrabber", "FrameGrabber", "{5209664E-4FCC-48F1-B497-6B9C3E8BACF7}"
EndProject
Project("{2150E333-8FDC-42A3-9474-1A3956D46DE8}") = "LineScanCamera", "LineScanCamera", "{A029251F-7469-4518-A4BC-A80E893E95C8}"
EndProject
Project("{2150E333-8FDC-42A3-9474-1A3956D46DE8}") = "General", "General", "{C6703909-5D0C-4EFC-B2C4-5B02945C8884}"
EndProject
Project("{9A19103F-16F7-4668-BE54-9A1E7A4F7556}") = "ParameterInterface_SoftwareTrigger.NetStandard", "FrameGrabber\ParameterInterface_SoftwareTrigger\ParameterInterface_SoftwareTrigger.NetStandard.csproj", "{38B1DA09-4907-4B2A-B365-70E628F9A2A0}"
EndProject
Project("{9A19103F-16F7-4668-BE54-9A1E7A4F7556}") = "Events_Interface.NetStandard", "FrameGrabber\Events_Interface\Events_Interface.NetStandard.csproj", "{31A39557-304E-4DAB-8469-306F08F29B4D}"
EndProject
Project("{9A19103F-16F7-4668-BE54-9A1E7A4F7556}") = "MultiLightCtrl_ImageStitching.NetStandard", "LineScanCamera\MultiLightCtrl_ImageStitching\MultiLightCtrl_ImageStitching.NetStandard.csproj", "{724D2505-DF0C-4452-9133-1D8C6139A12A}"
EndProject
Project("{9A19103F-16F7-4668-BE54-9A1E7A4F7556}") = "ParameterCamera_LineScanIOSettings.NetStandard", "LineScanCamera\ParameterCamera_LineScanIOSettings\ParameterCamera_LineScanIOSettings.NetStandard.csproj", "{F12717CB-5221-43FF-9734-EEE3AC93CA9C}"
EndProject
Project("{9A19103F-16F7-4668-BE54-9A1E7A4F7556}") = "Image_Contrast.NetStandard", "General\Image_Contrast\Image_Contrast.NetStandard.csproj", "{90DD90EF-16FC-4E21-BF65-11B9DDB18546}"
EndProject
Project("{9A19103F-16F7-4668-BE54-9A1E7A4F7556}") = "Grab_GetImageBuffer.NetStandard", "General\Grab_GetImageBuffer\Grab_GetImageBuffer.NetStandard.csproj", "{3BCD4ADB-357C-4143-87BA-58CEA7395524}"
EndProject
Project("{9A19103F-16F7-4668-BE54-9A1E7A4F7556}") = "Grab_Strategy.NetStandard", "General\Grab_Strategy\Grab_Strategy.NetStandard.csproj", "{7F704536-FFF7-483D-9DC4-B8C5F5A2154B}"
EndProject
Project("{9A19103F-16F7-4668-BE54-9A1E7A4F7556}") = "Grab_ImageClone.NetStandard", "General\Grab_ImageClone\Grab_ImageClone.NetStandard.csproj", "{FB6C7F7A-FB1D-407D-A05D-807CC1178501}"
EndProject
Project("{9A19103F-16F7-4668-BE54-9A1E7A4F7556}") = "ParameterCamera_FileAccess.NetStandard", "General\ParameterCamera_FileAccess\ParameterCamera_FileAccess.NetStandard.csproj", "{A71A37CB-4657-4FBC-AD20-D16F5970E5B8}"
EndProject
Project("{9A19103F-16F7-4668-BE54-9A1E7A4F7556}") = "ParameterCamera_LoadAndSave.NetStandard", "General\ParameterCamera_LoadAndSave\ParameterCamera_LoadAndSave.NetStandard.csproj", "{303E7259-3DDD-45FD-98F3-C52AC2F99061}"
EndProject
Project("{9A19103F-16F7-4668-BE54-9A1E7A4F7556}") = "Grab_ActionCommand.NetStandard", "General\Grab_ActionCommand\Grab_ActionCommand.NetStandard.csproj", "{77B6EC94-17B9-49C1-B858-6043BD53306E}"
EndProject
Project("{9A19103F-16F7-4668-BE54-9A1E7A4F7556}") = "Grab_GigEMultiCast.NetStandard", "General\Grab_GigEMultiCast\Grab_GigEMultiCast.NetStandard.csproj", "{6037C950-AE29-4568-B4EE-B3044047DE41}"
EndProject
Project("{9A19103F-16F7-4668-BE54-9A1E7A4F7556}") = "Grab_ChunkData.NetStandard", "General\Grab_ChunkData\Grab_ChunkData.NetStandard.csproj", "{DEF10BB3-427E-4F48-888C-B0CD954C0C08}"
EndProject
Project("{9A19103F-16F7-4668-BE54-9A1E7A4F7556}") = "Events_Camera.NetStandard", "General\Events_Camera\Events_Camera.NetStandard.csproj", "{A3A1755A-97E4-44E7-93E9-FD46FE86888C}"
EndProject
Project("{9A19103F-16F7-4668-BE54-9A1E7A4F7556}") = "Reconnect.NetStandard", "General\Reconnect\Reconnect.NetStandard.csproj", "{366DFDAD-DF55-4AAF-944D-502FA18DF4DC}"
EndProject
Project("{9A19103F-16F7-4668-BE54-9A1E7A4F7556}") = "Grab_Callback.NetStandard", "General\Grab_Callback\Grab_Callback.NetStandard.csproj", "{BC4803DF-7680-4241-9254-4B8D3272059C}"
EndProject
Project("{9A19103F-16F7-4668-BE54-9A1E7A4F7556}") = "GigE_ConnectCameraByIP.NetStandard", "General\GigE_ConnectCameraByIP\GigE_ConnectCameraByIP.NetStandard.csproj", "{74D5E245-7819-47A4-BA08-F7C5E591F2C2}"
EndProject
Project("{9A19103F-16F7-4668-BE54-9A1E7A4F7556}") = "Image_Recording.NetStandard", "General\Image_Recording\Image_Recording.NetStandard.csproj", "{9044031A-6F9E-4DC8-A10B-30E5F9F7FDBE}"
EndProject
Project("{9A19103F-16F7-4668-BE54-9A1E7A4F7556}") = "Image_ConvertPixelType.NetStandard", "General\Image_ConvertPixelType\Image_ConvertPixelType.NetStandard.csproj", "{F006F83F-F25F-4560-BE2A-4C60B54EA8FA}"
EndProject
Project("{9A19103F-16F7-4668-BE54-9A1E7A4F7556}") = "Image_HBDecode.NetStandard", "General\Image_HBDecode\Image_HBDecode.NetStandard.csproj", "{59F0B06F-C66E-4781-B5B4-5862917CE31D}"
EndProject
Project("{9A19103F-16F7-4668-BE54-9A1E7A4F7556}") = "Image_Save.NetStandard", "General\Image_Save\Image_Save.NetStandard.csproj", "{249874E1-ADB7-421E-AC3A-4FC41ADA936D}"
EndProject
Project("{9A19103F-16F7-4668-BE54-9A1E7A4F7556}") = "InterfaceAndDevice.NetStandard", "FrameGrabber\InterfaceAndDevice\InterfaceAndDevice.NetStandard.csproj", "{4FDA897C-F03B-4761-A973-9FA1BB29C375}"
EndProject
Project("{9A19103F-16F7-4668-BE54-9A1E7A4F7556}") = "ParametrizeCamera_AreaScanIOSettings.NetStandard", "AreaScanCamera\ParametrizeCamera_AreaScanIOSettings\ParametrizeCamera_AreaScanIOSettings.NetStandard.csproj", "{14633AFE-322F-432B-BA5E-25912E79431B}"
EndProject
Project("{9A19103F-16F7-4668-BE54-9A1E7A4F7556}") = "LineScanSoftwareTrigger.NetStandard", "LineScanCamera\LineScanSoftwareTrigger\LineScanSoftwareTrigger.NetStandard.csproj", "{727539EF-C9FB-4B0D-A756-122D84CFC2B6}"
EndProject
Global
	GlobalSection(SolutionConfigurationPlatforms) = preSolution
		Debug|Any CPU = Debug|Any CPU
		Release|Any CPU = Release|Any CPU
	EndGlobalSection
	GlobalSection(ProjectConfigurationPlatforms) = postSolution
		{38B1DA09-4907-4B2A-B365-70E628F9A2A0}.Debug|Any CPU.ActiveCfg = Debug|Any CPU
		{38B1DA09-4907-4B2A-B365-70E628F9A2A0}.Debug|Any CPU.Build.0 = Debug|Any CPU
		{38B1DA09-4907-4B2A-B365-70E628F9A2A0}.Release|Any CPU.ActiveCfg = Release|Any CPU
		{38B1DA09-4907-4B2A-B365-70E628F9A2A0}.Release|Any CPU.Build.0 = Release|Any CPU
		{31A39557-304E-4DAB-8469-306F08F29B4D}.Debug|Any CPU.ActiveCfg = Debug|Any CPU
		{31A39557-304E-4DAB-8469-306F08F29B4D}.Debug|Any CPU.Build.0 = Debug|Any CPU
		{31A39557-304E-4DAB-8469-306F08F29B4D}.Release|Any CPU.ActiveCfg = Release|Any CPU
		{31A39557-304E-4DAB-8469-306F08F29B4D}.Release|Any CPU.Build.0 = Release|Any CPU
		{724D2505-DF0C-4452-9133-1D8C6139A12A}.Debug|Any CPU.ActiveCfg = Debug|Any CPU
		{724D2505-DF0C-4452-9133-1D8C6139A12A}.Debug|Any CPU.Build.0 = Debug|Any CPU
		{724D2505-DF0C-4452-9133-1D8C6139A12A}.Release|Any CPU.ActiveCfg = Release|Any CPU
		{724D2505-DF0C-4452-9133-1D8C6139A12A}.Release|Any CPU.Build.0 = Release|Any CPU
		{F12717CB-5221-43FF-9734-EEE3AC93CA9C}.Debug|Any CPU.ActiveCfg = Debug|Any CPU
		{F12717CB-5221-43FF-9734-EEE3AC93CA9C}.Debug|Any CPU.Build.0 = Debug|Any CPU
		{F12717CB-5221-43FF-9734-EEE3AC93CA9C}.Release|Any CPU.ActiveCfg = Release|Any CPU
		{F12717CB-5221-43FF-9734-EEE3AC93CA9C}.Release|Any CPU.Build.0 = Release|Any CPU
		{90DD90EF-16FC-4E21-BF65-11B9DDB18546}.Debug|Any CPU.ActiveCfg = Debug|Any CPU
		{90DD90EF-16FC-4E21-BF65-11B9DDB18546}.Debug|Any CPU.Build.0 = Debug|Any CPU
		{90DD90EF-16FC-4E21-BF65-11B9DDB18546}.Release|Any CPU.ActiveCfg = Release|Any CPU
		{90DD90EF-16FC-4E21-BF65-11B9DDB18546}.Release|Any CPU.Build.0 = Release|Any CPU
		{3BCD4ADB-357C-4143-87BA-58CEA7395524}.Debug|Any CPU.ActiveCfg = Debug|Any CPU
		{3BCD4ADB-357C-4143-87BA-58CEA7395524}.Debug|Any CPU.Build.0 = Debug|Any CPU
		{3BCD4ADB-357C-4143-87BA-58CEA7395524}.Release|Any CPU.ActiveCfg = Release|Any CPU
		{3BCD4ADB-357C-4143-87BA-58CEA7395524}.Release|Any CPU.Build.0 = Release|Any CPU
		{7F704536-FFF7-483D-9DC4-B8C5F5A2154B}.Debug|Any CPU.ActiveCfg = Debug|Any CPU
		{7F704536-FFF7-483D-9DC4-B8C5F5A2154B}.Debug|Any CPU.Build.0 = Debug|Any CPU
		{7F704536-FFF7-483D-9DC4-B8C5F5A2154B}.Release|Any CPU.ActiveCfg = Release|Any CPU
		{7F704536-FFF7-483D-9DC4-B8C5F5A2154B}.Release|Any CPU.Build.0 = Release|Any CPU
		{FB6C7F7A-FB1D-407D-A05D-807CC1178501}.Debug|Any CPU.ActiveCfg = Debug|Any CPU
		{FB6C7F7A-FB1D-407D-A05D-807CC1178501}.Debug|Any CPU.Build.0 = Debug|Any CPU
		{FB6C7F7A-FB1D-407D-A05D-807CC1178501}.Release|Any CPU.ActiveCfg = Release|Any CPU
		{FB6C7F7A-FB1D-407D-A05D-807CC1178501}.Release|Any CPU.Build.0 = Release|Any CPU
		{A71A37CB-4657-4FBC-AD20-D16F5970E5B8}.Debug|Any CPU.ActiveCfg = Debug|Any CPU
		{A71A37CB-4657-4FBC-AD20-D16F5970E5B8}.Debug|Any CPU.Build.0 = Debug|Any CPU
		{A71A37CB-4657-4FBC-AD20-D16F5970E5B8}.Release|Any CPU.ActiveCfg = Release|Any CPU
		{A71A37CB-4657-4FBC-AD20-D16F5970E5B8}.Release|Any CPU.Build.0 = Release|Any CPU
		{303E7259-3DDD-45FD-98F3-C52AC2F99061}.Debug|Any CPU.ActiveCfg = Debug|Any CPU
		{303E7259-3DDD-45FD-98F3-C52AC2F99061}.Debug|Any CPU.Build.0 = Debug|Any CPU
		{303E7259-3DDD-45FD-98F3-C52AC2F99061}.Release|Any CPU.ActiveCfg = Release|Any CPU
		{303E7259-3DDD-45FD-98F3-C52AC2F99061}.Release|Any CPU.Build.0 = Release|Any CPU
		{77B6EC94-17B9-49C1-B858-6043BD53306E}.Debug|Any CPU.ActiveCfg = Debug|Any CPU
		{77B6EC94-17B9-49C1-B858-6043BD53306E}.Debug|Any CPU.Build.0 = Debug|Any CPU
		{77B6EC94-17B9-49C1-B858-6043BD53306E}.Release|Any CPU.ActiveCfg = Release|Any CPU
		{77B6EC94-17B9-49C1-B858-6043BD53306E}.Release|Any CPU.Build.0 = Release|Any CPU
		{6037C950-AE29-4568-B4EE-B3044047DE41}.Debug|Any CPU.ActiveCfg = Debug|Any CPU
		{6037C950-AE29-4568-B4EE-B3044047DE41}.Debug|Any CPU.Build.0 = Debug|Any CPU
		{6037C950-AE29-4568-B4EE-B3044047DE41}.Release|Any CPU.ActiveCfg = Release|Any CPU
		{6037C950-AE29-4568-B4EE-B3044047DE41}.Release|Any CPU.Build.0 = Release|Any CPU
		{DEF10BB3-427E-4F48-888C-B0CD954C0C08}.Debug|Any CPU.ActiveCfg = Debug|Any CPU
		{DEF10BB3-427E-4F48-888C-B0CD954C0C08}.Debug|Any CPU.Build.0 = Debug|Any CPU
		{DEF10BB3-427E-4F48-888C-B0CD954C0C08}.Release|Any CPU.ActiveCfg = Release|Any CPU
		{DEF10BB3-427E-4F48-888C-B0CD954C0C08}.Release|Any CPU.Build.0 = Release|Any CPU
		{A3A1755A-97E4-44E7-93E9-FD46FE86888C}.Debug|Any CPU.ActiveCfg = Debug|Any CPU
		{A3A1755A-97E4-44E7-93E9-FD46FE86888C}.Debug|Any CPU.Build.0 = Debug|Any CPU
		{A3A1755A-97E4-44E7-93E9-FD46FE86888C}.Release|Any CPU.ActiveCfg = Release|Any CPU
		{A3A1755A-97E4-44E7-93E9-FD46FE86888C}.Release|Any CPU.Build.0 = Release|Any CPU
		{366DFDAD-DF55-4AAF-944D-502FA18DF4DC}.Debug|Any CPU.ActiveCfg = Debug|Any CPU
		{366DFDAD-DF55-4AAF-944D-502FA18DF4DC}.Debug|Any CPU.Build.0 = Debug|Any CPU
		{366DFDAD-DF55-4AAF-944D-502FA18DF4DC}.Release|Any CPU.ActiveCfg = Release|Any CPU
		{366DFDAD-DF55-4AAF-944D-502FA18DF4DC}.Release|Any CPU.Build.0 = Release|Any CPU
		{BC4803DF-7680-4241-9254-4B8D3272059C}.Debug|Any CPU.ActiveCfg = Debug|Any CPU
		{BC4803DF-7680-4241-9254-4B8D3272059C}.Debug|Any CPU.Build.0 = Debug|Any CPU
		{BC4803DF-7680-4241-9254-4B8D3272059C}.Release|Any CPU.ActiveCfg = Release|Any CPU
		{BC4803DF-7680-4241-9254-4B8D3272059C}.Release|Any CPU.Build.0 = Release|Any CPU
		{74D5E245-7819-47A4-BA08-F7C5E591F2C2}.Debug|Any CPU.ActiveCfg = Debug|Any CPU
		{74D5E245-7819-47A4-BA08-F7C5E591F2C2}.Debug|Any CPU.Build.0 = Debug|Any CPU
		{74D5E245-7819-47A4-BA08-F7C5E591F2C2}.Release|Any CPU.ActiveCfg = Release|Any CPU
		{74D5E245-7819-47A4-BA08-F7C5E591F2C2}.Release|Any CPU.Build.0 = Release|Any CPU
		{9044031A-6F9E-4DC8-A10B-30E5F9F7FDBE}.Debug|Any CPU.ActiveCfg = Debug|Any CPU
		{9044031A-6F9E-4DC8-A10B-30E5F9F7FDBE}.Debug|Any CPU.Build.0 = Debug|Any CPU
		{9044031A-6F9E-4DC8-A10B-30E5F9F7FDBE}.Release|Any CPU.ActiveCfg = Release|Any CPU
		{9044031A-6F9E-4DC8-A10B-30E5F9F7FDBE}.Release|Any CPU.Build.0 = Release|Any CPU
		{F006F83F-F25F-4560-BE2A-4C60B54EA8FA}.Debug|Any CPU.ActiveCfg = Debug|Any CPU
		{F006F83F-F25F-4560-BE2A-4C60B54EA8FA}.Debug|Any CPU.Build.0 = Debug|Any CPU
		{F006F83F-F25F-4560-BE2A-4C60B54EA8FA}.Release|Any CPU.ActiveCfg = Release|Any CPU
		{F006F83F-F25F-4560-BE2A-4C60B54EA8FA}.Release|Any CPU.Build.0 = Release|Any CPU
		{59F0B06F-C66E-4781-B5B4-5862917CE31D}.Debug|Any CPU.ActiveCfg = Debug|Any CPU
		{59F0B06F-C66E-4781-B5B4-5862917CE31D}.Debug|Any CPU.Build.0 = Debug|Any CPU
		{59F0B06F-C66E-4781-B5B4-5862917CE31D}.Release|Any CPU.ActiveCfg = Release|Any CPU
		{59F0B06F-C66E-4781-B5B4-5862917CE31D}.Release|Any CPU.Build.0 = Release|Any CPU
		{249874E1-ADB7-421E-AC3A-4FC41ADA936D}.Debug|Any CPU.ActiveCfg = Debug|Any CPU
		{249874E1-ADB7-421E-AC3A-4FC41ADA936D}.Debug|Any CPU.Build.0 = Debug|Any CPU
		{249874E1-ADB7-421E-AC3A-4FC41ADA936D}.Release|Any CPU.ActiveCfg = Release|Any CPU
		{249874E1-ADB7-421E-AC3A-4FC41ADA936D}.Release|Any CPU.Build.0 = Release|Any CPU
		{4FDA897C-F03B-4761-A973-9FA1BB29C375}.Debug|Any CPU.ActiveCfg = Debug|Any CPU
		{4FDA897C-F03B-4761-A973-9FA1BB29C375}.Debug|Any CPU.Build.0 = Debug|Any CPU
		{4FDA897C-F03B-4761-A973-9FA1BB29C375}.Release|Any CPU.ActiveCfg = Release|Any CPU
		{4FDA897C-F03B-4761-A973-9FA1BB29C375}.Release|Any CPU.Build.0 = Release|Any CPU
		{14633AFE-322F-432B-BA5E-25912E79431B}.Debug|Any CPU.ActiveCfg = Debug|Any CPU
		{14633AFE-322F-432B-BA5E-25912E79431B}.Debug|Any CPU.Build.0 = Debug|Any CPU
		{14633AFE-322F-432B-BA5E-25912E79431B}.Release|Any CPU.ActiveCfg = Release|Any CPU
		{14633AFE-322F-432B-BA5E-25912E79431B}.Release|Any CPU.Build.0 = Release|Any CPU
		{727539EF-C9FB-4B0D-A756-122D84CFC2B6}.Debug|Any CPU.ActiveCfg = Debug|Any CPU
		{727539EF-C9FB-4B0D-A756-122D84CFC2B6}.Debug|Any CPU.Build.0 = Debug|Any CPU
		{727539EF-C9FB-4B0D-A756-122D84CFC2B6}.Release|Any CPU.ActiveCfg = Release|Any CPU
		{727539EF-C9FB-4B0D-A756-122D84CFC2B6}.Release|Any CPU.Build.0 = Release|Any CPU
	EndGlobalSection
	GlobalSection(SolutionProperties) = preSolution
		HideSolutionNode = FALSE
	EndGlobalSection
	GlobalSection(NestedProjects) = preSolution
		{38B1DA09-4907-4B2A-B365-70E628F9A2A0} = {5209664E-4FCC-48F1-B497-6B9C3E8BACF7}
		{31A39557-304E-4DAB-8469-306F08F29B4D} = {5209664E-4FCC-48F1-B497-6B9C3E8BACF7}
		{724D2505-DF0C-4452-9133-1D8C6139A12A} = {A029251F-7469-4518-A4BC-A80E893E95C8}
		{F12717CB-5221-43FF-9734-EEE3AC93CA9C} = {A029251F-7469-4518-A4BC-A80E893E95C8}
		{90DD90EF-16FC-4E21-BF65-11B9DDB18546} = {C6703909-5D0C-4EFC-B2C4-5B02945C8884}
		{3BCD4ADB-357C-4143-87BA-58CEA7395524} = {C6703909-5D0C-4EFC-B2C4-5B02945C8884}
		{7F704536-FFF7-483D-9DC4-B8C5F5A2154B} = {C6703909-5D0C-4EFC-B2C4-5B02945C8884}
		{FB6C7F7A-FB1D-407D-A05D-807CC1178501} = {C6703909-5D0C-4EFC-B2C4-5B02945C8884}
		{A71A37CB-4657-4FBC-AD20-D16F5970E5B8} = {C6703909-5D0C-4EFC-B2C4-5B02945C8884}
		{303E7259-3DDD-45FD-98F3-C52AC2F99061} = {C6703909-5D0C-4EFC-B2C4-5B02945C8884}
		{77B6EC94-17B9-49C1-B858-6043BD53306E} = {C6703909-5D0C-4EFC-B2C4-5B02945C8884}
		{6037C950-AE29-4568-B4EE-B3044047DE41} = {C6703909-5D0C-4EFC-B2C4-5B02945C8884}
		{DEF10BB3-427E-4F48-888C-B0CD954C0C08} = {C6703909-5D0C-4EFC-B2C4-5B02945C8884}
		{A3A1755A-97E4-44E7-93E9-FD46FE86888C} = {C6703909-5D0C-4EFC-B2C4-5B02945C8884}
		{366DFDAD-DF55-4AAF-944D-502FA18DF4DC} = {C6703909-5D0C-4EFC-B2C4-5B02945C8884}
		{BC4803DF-7680-4241-9254-4B8D3272059C} = {C6703909-5D0C-4EFC-B2C4-5B02945C8884}
		{74D5E245-7819-47A4-BA08-F7C5E591F2C2} = {C6703909-5D0C-4EFC-B2C4-5B02945C8884}
		{9044031A-6F9E-4DC8-A10B-30E5F9F7FDBE} = {C6703909-5D0C-4EFC-B2C4-5B02945C8884}
		{F006F83F-F25F-4560-BE2A-4C60B54EA8FA} = {C6703909-5D0C-4EFC-B2C4-5B02945C8884}
		{59F0B06F-C66E-4781-B5B4-5862917CE31D} = {C6703909-5D0C-4EFC-B2C4-5B02945C8884}
		{249874E1-ADB7-421E-AC3A-4FC41ADA936D} = {C6703909-5D0C-4EFC-B2C4-5B02945C8884}
		{4FDA897C-F03B-4761-A973-9FA1BB29C375} = {5209664E-4FCC-48F1-B497-6B9C3E8BACF7}
		{14633AFE-322F-432B-BA5E-25912E79431B} = {A07B3D49-8512-4677-868F-B156BF438B52}
		{727539EF-C9FB-4B0D-A756-122D84CFC2B6} = {A029251F-7469-4518-A4BC-A80E893E95C8}
	EndGlobalSection
	GlobalSection(ExtensibilityGlobals) = postSolution
		SolutionGuid = {600AC952-8E90-491A-910E-9DFC8338CFD0}
	EndGlobalSection
EndGlobal
